
Microsoft Visual Studio Solution File, Format Version 12.00
# Visual Studio Version 17
VisualStudioVersion = 17.13.35825.156 d17.13
MinimumVisualStudioVersion = 10.0.40219.1
Project("{FAE04EC0-301F-11D3-BF4B-00C04F79EFBC}") = "ProfileSample", "ProfileSample\ProfileSample.csproj", "{FF559A2F-212A-4C6B-8408-4C44C49E321D}"
EndProject
Project("{FAE04EC0-301F-11D3-BF4B-00C04F79EFBC}") = "PasswordHask_Task1", "PasswordHask_Task1\PasswordHask_Task1.csproj", "{48BD7459-8CB6-46E9-AF57-8E0A6073C3B5}"
EndProject
Global
	GlobalSection(SolutionConfigurationPlatforms) = preSolution
		Debug|Any CPU = Debug|Any CPU
		Release|Any CPU = Release|Any CPU
	EndGlobalSection
	GlobalSection(ProjectConfigurationPlatforms) = postSolution
		{FF559A2F-212A-4C6B-8408-4C44C49E321D}.Debug|Any CPU.ActiveCfg = Debug|Any CPU
		{FF559A2F-212A-4C6B-8408-4C44C49E321D}.Debug|Any CPU.Build.0 = Debug|Any CPU
		{FF559A2F-212A-4C6B-8408-4C44C49E321D}.Release|Any CPU.ActiveCfg = Release|Any CPU
		{FF559A2F-212A-4C6B-8408-4C44C49E321D}.Release|Any CPU.Build.0 = Release|Any CPU
		{48BD7459-8CB6-46E9-AF57-8E0A6073C3B5}.Debug|Any CPU.ActiveCfg = Debug|Any CPU
		{48BD7459-8CB6-46E9-AF57-8E0A6073C3B5}.Debug|Any CPU.Build.0 = Debug|Any CPU
		{48BD7459-8CB6-46E9-AF57-8E0A6073C3B5}.Release|Any CPU.ActiveCfg = Release|Any CPU
		{48BD7459-8CB6-46E9-AF57-8E0A6073C3B5}.Release|Any CPU.Build.0 = Release|Any CPU
	EndGlobalSection
	GlobalSection(SolutionProperties) = preSolution
		HideSolutionNode = FALSE
	EndGlobalSection
	GlobalSection(ExtensibilityGlobals) = postSolution
		SolutionGuid = {ACBC475E-83B3-44A7-BAC0-8B5549FE70AC}
	EndGlobalSection
	GlobalSection(Performance) = preSolution
		HasPerformanceSessions = true
	EndGlobalSection
EndGlobal
