
Microsoft Visual Studio Solution File, Format Version 12.00
# Visual Studio Version 17
VisualStudioVersion = 17.13.35825.156
MinimumVisualStudioVersion = 10.0.40219.1
Project("{FAE04EC0-301F-11D3-BF4B-00C04F79EFBC}") = "ComplexTask_LINQ", "ComplexTask_LINQ\ComplexTask_LINQ.csproj", "{741562AF-0E28-40DB-A0D3-AA2DA1A004CA}"
EndProject
Project("{FAE04EC0-301F-11D3-BF4B-00C04F79EFBC}") = "ComplexTask_LINQ.Test", "ComplexTask_LINQ.Test\ComplexTask_LINQ.Test.csproj", "{809AD1A1-8D11-46C4-BBBC-A070FF4F94F9}"
EndProject
Global
	GlobalSection(SolutionConfigurationPlatforms) = preSolution
		Debug|Any CPU = Debug|Any CPU
		Release|Any CPU = Release|Any CPU
	EndGlobalSection
	GlobalSection(ProjectConfigurationPlatforms) = postSolution
		{741562AF-0E28-40DB-A0D3-AA2DA1A004CA}.Debug|Any CPU.ActiveCfg = Debug|Any CPU
		{741562AF-0E28-40DB-A0D3-AA2DA1A004CA}.Debug|Any CPU.Build.0 = Debug|Any CPU
		{741562AF-0E28-40DB-A0D3-AA2DA1A004CA}.Release|Any CPU.ActiveCfg = Release|Any CPU
		{741562AF-0E28-40DB-A0D3-AA2DA1A004CA}.Release|Any CPU.Build.0 = Release|Any CPU
		{809AD1A1-8D11-46C4-BBBC-A070FF4F94F9}.Debug|Any CPU.ActiveCfg = Debug|Any CPU
		{809AD1A1-8D11-46C4-BBBC-A070FF4F94F9}.Debug|Any CPU.Build.0 = Debug|Any CPU
		{809AD1A1-8D11-46C4-BBBC-A070FF4F94F9}.Release|Any CPU.ActiveCfg = Release|Any CPU
		{809AD1A1-8D11-46C4-BBBC-A070FF4F94F9}.Release|Any CPU.Build.0 = Release|Any CPU
	EndGlobalSection
	GlobalSection(SolutionProperties) = preSolution
		HideSolutionNode = FALSE
	EndGlobalSection
	GlobalSection(ExtensibilityGlobals) = postSolution
		SolutionGuid = {1AD7AAF3-AA5E-44B0-83B4-D6D8D94AB409}
	EndGlobalSection
EndGlobal
